// !$*UTF8*$!
{
	archiveVersion = 1;
	classes = {
	};
	objectVersion = 46;
	objects = {

/* Begin PBXBuildFile section */
		65DF8E16130BEE71002D0C3A /* 01_MappingModel_02.xcmappingmodel in Sources */ = {isa = PBXBuildFile; fileRef = 65DF8E15130BEE71002D0C3A /* 01_MappingModel_02.xcmappingmodel */; };
		65DF8E63130BEF48002D0C3A /* DataModel.xcdatamodeld in Sources */ = {isa = PBXBuildFile; fileRef = 65DF8DF2130BEBCA002D0C3A /* DataModel.xcdatamodeld */; };
		65DF8E78130BF2AB002D0C3A /* Cocoa.framework in Frameworks */ = {isa = PBXBuildFile; fileRef = 65DF8E77130BF2AB002D0C3A /* Cocoa.framework */; };
		65DF8E79130BF2AB002D0C3A /* CoreData.framework in Frameworks */ = {isa = PBXBuildFile; fileRef = 65DF8E05130BEDA2002D0C3A /* CoreData.framework */; };
		65DF8E7C130BF2BB002D0C3A /* BSManagedObjectContextManager.m in Sources */ = {isa = PBXBuildFile; fileRef = 65DF8E03130BED1C002D0C3A /* BSManagedObjectContextManager.m */; };
		65DF8E7D130BF2C8002D0C3A /* BSManagedObjectContextManager.h in Headers */ = {isa = PBXBuildFile; fileRef = 65DF8E02130BED1C002D0C3A /* BSManagedObjectContextManager.h */; settings = {ATTRIBUTES = (Public, ); }; };
		65DF8E9B130BF76A002D0C3A /* _Project.h in Headers */ = {isa = PBXBuildFile; fileRef = 65DF8DF7130BEC8D002D0C3A /* _Project.h */; };
		65DF8E9C130BF76A002D0C3A /* _Project.m in Sources */ = {isa = PBXBuildFile; fileRef = 65DF8DF8130BEC8D002D0C3A /* _Project.m */; };
		65DF8E9D130BF76A002D0C3A /* _Task.h in Headers */ = {isa = PBXBuildFile; fileRef = 65DF8DF9130BEC8D002D0C3A /* _Task.h */; };
		65DF8E9E130BF76A002D0C3A /* _Task.m in Sources */ = {isa = PBXBuildFile; fileRef = 65DF8DFA130BEC8D002D0C3A /* _Task.m */; };
		65DF8E9F130BF76A002D0C3A /* Project.h in Headers */ = {isa = PBXBuildFile; fileRef = 65DF8DFB130BEC8D002D0C3A /* Project.h */; settings = {ATTRIBUTES = (Public, ); }; };
		65DF8EA0130BF76A002D0C3A /* Project.m in Sources */ = {isa = PBXBuildFile; fileRef = 65DF8DFC130BEC8D002D0C3A /* Project.m */; };
		65DF8EA1130BF76A002D0C3A /* Task.h in Headers */ = {isa = PBXBuildFile; fileRef = 65DF8DFD130BEC8D002D0C3A /* Task.h */; settings = {ATTRIBUTES = (Public, ); }; };
		65DF8EA2130BF76A002D0C3A /* Task.m in Sources */ = {isa = PBXBuildFile; fileRef = 65DF8DFE130BEC8D002D0C3A /* Task.m */; };
		65DF8EB1130BF7C5002D0C3A /* _Project.h in Headers */ = {isa = PBXBuildFile; fileRef = 65DF8DF7130BEC8D002D0C3A /* _Project.h */; };
		65DF8EB2130BF7C5002D0C3A /* _Project.m in Sources */ = {isa = PBXBuildFile; fileRef = 65DF8DF8130BEC8D002D0C3A /* _Project.m */; };
		65DF8EB3130BF7C5002D0C3A /* _Task.h in Headers */ = {isa = PBXBuildFile; fileRef = 65DF8DF9130BEC8D002D0C3A /* _Task.h */; };
		65DF8EB4130BF7C5002D0C3A /* _Task.m in Sources */ = {isa = PBXBuildFile; fileRef = 65DF8DFA130BEC8D002D0C3A /* _Task.m */; };
		65DF8EB5130BF7C5002D0C3A /* Project.h in Headers */ = {isa = PBXBuildFile; fileRef = 65DF8DFB130BEC8D002D0C3A /* Project.h */; };
		65DF8EB6130BF7C5002D0C3A /* Project.m in Sources */ = {isa = PBXBuildFile; fileRef = 65DF8DFC130BEC8D002D0C3A /* Project.m */; };
		65DF8EB7130BF7C5002D0C3A /* Task.h in Headers */ = {isa = PBXBuildFile; fileRef = 65DF8DFD130BEC8D002D0C3A /* Task.h */; };
		65DF8EB8130BF7C5002D0C3A /* Task.m in Sources */ = {isa = PBXBuildFile; fileRef = 65DF8DFE130BEC8D002D0C3A /* Task.m */; };
		65DF8F46130BFAB5002D0C3A /* Core.h in Headers */ = {isa = PBXBuildFile; fileRef = 65DF8F45130BFAB5002D0C3A /* Core.h */; settings = {ATTRIBUTES = (Public, ); }; };
		65DF8F47130BFAB5002D0C3A /* Core.h in Headers */ = {isa = PBXBuildFile; fileRef = 65DF8F45130BFAB5002D0C3A /* Core.h */; };
		65DF8FF7130BFF47002D0C3A /* SynthesizeSingleton.h in Headers */ = {isa = PBXBuildFile; fileRef = 65DF8E08130BEE0D002D0C3A /* SynthesizeSingleton.h */; settings = {ATTRIBUTES = (Public, ); }; };
		65DF8FFB130BFF93002D0C3A /* MOCManager.h in Headers */ = {isa = PBXBuildFile; fileRef = 65DF8FF9130BFF93002D0C3A /* MOCManager.h */; settings = {ATTRIBUTES = (Public, ); }; };
		65DF8FFC130BFF93002D0C3A /* MOCManager.m in Sources */ = {isa = PBXBuildFile; fileRef = 65DF8FFA130BFF93002D0C3A /* MOCManager.m */; };
		65DF8FFD130BFF93002D0C3A /* MOCManager.h in Headers */ = {isa = PBXBuildFile; fileRef = 65DF8FF9130BFF93002D0C3A /* MOCManager.h */; };
		65DF8FFE130BFF93002D0C3A /* MOCManager.m in Sources */ = {isa = PBXBuildFile; fileRef = 65DF8FFA130BFF93002D0C3A /* MOCManager.m */; };
		65DF90AA130C0B6E002D0C3A /* BSManagedObjectContextManager.m in Sources */ = {isa = PBXBuildFile; fileRef = 65DF8E03130BED1C002D0C3A /* BSManagedObjectContextManager.m */; };
		65DF90AB130C0B79002D0C3A /* BSManagedObjectContextManager.h in Headers */ = {isa = PBXBuildFile; fileRef = 65DF8E02130BED1C002D0C3A /* BSManagedObjectContextManager.h */; };
/* End PBXBuildFile section */

/* Begin PBXContainerItemProxy section */
		65DF8E7A130BF2B0002D0C3A /* PBXContainerItemProxy */ = {
			isa = PBXContainerItemProxy;
			containerPortal = 65DF8DDA130BEA80002D0C3A /* Project object */;
			proxyType = 1;
			remoteGlobalIDString = 65DF8E0E130BEE3F002D0C3A /* CoreBundle */;
			remoteInfo = CoreBundle;
		};
		65DF8EB9130BF7CF002D0C3A /* PBXContainerItemProxy */ = {
			isa = PBXContainerItemProxy;
			containerPortal = 65DF8DDA130BEA80002D0C3A /* Project object */;
			proxyType = 1;
			remoteGlobalIDString = 65DF8E0E130BEE3F002D0C3A /* CoreBundle */;
			remoteInfo = CoreBundle;
		};
/* End PBXContainerItemProxy section */

/* Begin PBXFileReference section */
		65DF8DEF130BEB0E002D0C3A /* DataModel.xcdatamodel */ = {isa = PBXFileReference; fileEncoding = 4; lastKnownFileType = wrapper.xcdatamodel; path = DataModel.xcdatamodel; sourceTree = "<group>"; };
		65DF8DF3130BEBCA002D0C3A /* DataModel 2.xcdatamodel */ = {isa = PBXFileReference; lastKnownFileType = wrapper.xcdatamodel; path = "DataModel 2.xcdatamodel"; sourceTree = "<group>"; };
		65DF8DF7130BEC8D002D0C3A /* _Project.h */ = {isa = PBXFileReference; fileEncoding = 4; lastKnownFileType = sourcecode.c.h; path = _Project.h; sourceTree = "<group>"; };
		65DF8DF8130BEC8D002D0C3A /* _Project.m */ = {isa = PBXFileReference; fileEncoding = 4; lastKnownFileType = sourcecode.c.objc; path = _Project.m; sourceTree = "<group>"; };
		65DF8DF9130BEC8D002D0C3A /* _Task.h */ = {isa = PBXFileReference; fileEncoding = 4; lastKnownFileType = sourcecode.c.h; path = _Task.h; sourceTree = "<group>"; };
		65DF8DFA130BEC8D002D0C3A /* _Task.m */ = {isa = PBXFileReference; fileEncoding = 4; lastKnownFileType = sourcecode.c.objc; path = _Task.m; sourceTree = "<group>"; };
		65DF8DFB130BEC8D002D0C3A /* Project.h */ = {isa = PBXFileReference; fileEncoding = 4; lastKnownFileType = sourcecode.c.h; path = Project.h; sourceTree = "<group>"; };
		65DF8DFC130BEC8D002D0C3A /* Project.m */ = {isa = PBXFileReference; fileEncoding = 4; lastKnownFileType = sourcecode.c.objc; path = Project.m; sourceTree = "<group>"; };
		65DF8DFD130BEC8D002D0C3A /* Task.h */ = {isa = PBXFileReference; fileEncoding = 4; lastKnownFileType = sourcecode.c.h; path = Task.h; sourceTree = "<group>"; };
		65DF8DFE130BEC8D002D0C3A /* Task.m */ = {isa = PBXFileReference; fileEncoding = 4; lastKnownFileType = sourcecode.c.objc; path = Task.m; sourceTree = "<group>"; };
		65DF8E02130BED1C002D0C3A /* BSManagedObjectContextManager.h */ = {isa = PBXFileReference; fileEncoding = 4; lastKnownFileType = sourcecode.c.h; name = BSManagedObjectContextManager.h; path = Classes/BSManagedObjectContextManager.h; sourceTree = "<group>"; };
		65DF8E03130BED1C002D0C3A /* BSManagedObjectContextManager.m */ = {isa = PBXFileReference; fileEncoding = 4; lastKnownFileType = sourcecode.c.objc; name = BSManagedObjectContextManager.m; path = Classes/BSManagedObjectContextManager.m; sourceTree = "<group>"; };
		65DF8E05130BEDA2002D0C3A /* CoreData.framework */ = {isa = PBXFileReference; lastKnownFileType = wrapper.framework; name = CoreData.framework; path = /System/Library/Frameworks/CoreData.framework; sourceTree = "<absolute>"; };
		65DF8E06130BEDA2002D0C3A /* Foundation.framework */ = {isa = PBXFileReference; lastKnownFileType = wrapper.framework; name = Foundation.framework; path = /System/Library/Frameworks/Foundation.framework; sourceTree = "<absolute>"; };
		65DF8E08130BEE0D002D0C3A /* SynthesizeSingleton.h */ = {isa = PBXFileReference; fileEncoding = 4; lastKnownFileType = sourcecode.c.h; name = SynthesizeSingleton.h; path = Classes/SynthesizeSingleton.h; sourceTree = "<group>"; };
		65DF8E0F130BEE3F002D0C3A /* CoreBundle.bundle */ = {isa = PBXFileReference; explicitFileType = wrapper.cfbundle; includeInIndex = 0; path = CoreBundle.bundle; sourceTree = BUILT_PRODUCTS_DIR; };
		65DF8E11130BEE3F002D0C3A /* CoreBundle-Info.plist */ = {isa = PBXFileReference; lastKnownFileType = text.plist.xml; path = "CoreBundle-Info.plist"; sourceTree = "<group>"; };
		65DF8E15130BEE71002D0C3A /* 01_MappingModel_02.xcmappingmodel */ = {isa = PBXFileReference; fileEncoding = 4; lastKnownFileType = wrapper.xcmappingmodel; name = 01_MappingModel_02.xcmappingmodel; path = "Core Data Models/01_MappingModel_02.xcmappingmodel"; sourceTree = "<group>"; };
		65DF8E72130BF29F002D0C3A /* Core */ = {isa = PBXFileReference; includeInIndex = 0; lastKnownFileType = wrapper.framework; path = Core; sourceTree = BUILT_PRODUCTS_DIR; };
		65DF8E73130BF29F002D0C3A /* Core-Info.plist */ = {isa = PBXFileReference; lastKnownFileType = text.plist.xml; path = "Core-Info.plist"; sourceTree = "<group>"; };
		65DF8E77130BF2AB002D0C3A /* Cocoa.framework */ = {isa = PBXFileReference; lastKnownFileType = wrapper.framework; name = Cocoa.framework; path = /System/Library/Frameworks/Cocoa.framework; sourceTree = "<absolute>"; };
		65DF8EAD130BF798002D0C3A /* libCore.a */ = {isa = PBXFileReference; explicitFileType = archive.ar; includeInIndex = 0; path = libCore.a; sourceTree = BUILT_PRODUCTS_DIR; };
		65DF8F45130BFAB5002D0C3A /* Core.h */ = {isa = PBXFileReference; fileEncoding = 4; lastKnownFileType = sourcecode.c.h; path = Core.h; sourceTree = "<group>"; };
		65DF8FF9130BFF93002D0C3A /* MOCManager.h */ = {isa = PBXFileReference; fileEncoding = 4; lastKnownFileType = sourcecode.c.h; name = MOCManager.h; path = Classes/MOCManager.h; sourceTree = "<group>"; };
		65DF8FFA130BFF93002D0C3A /* MOCManager.m */ = {isa = PBXFileReference; fileEncoding = 4; lastKnownFileType = sourcecode.c.objc; name = MOCManager.m; path = Classes/MOCManager.m; sourceTree = "<group>"; };
/* End PBXFileReference section */

/* Begin PBXFrameworksBuildPhase section */
		65DF8E0D130BEE3F002D0C3A /* Frameworks */ = {
			isa = PBXFrameworksBuildPhase;
			buildActionMask = 2147483647;
			files = (
			);
			runOnlyForDeploymentPostprocessing = 0;
		};
		65DF8E70130BF29F002D0C3A /* Frameworks */ = {
			isa = PBXFrameworksBuildPhase;
			buildActionMask = 2147483647;
			files = (
				65DF8E78130BF2AB002D0C3A /* Cocoa.framework in Frameworks */,
				65DF8E79130BF2AB002D0C3A /* CoreData.framework in Frameworks */,
			);
			runOnlyForDeploymentPostprocessing = 0;
		};
		65DF8EAB130BF798002D0C3A /* Frameworks */ = {
			isa = PBXFrameworksBuildPhase;
			buildActionMask = 2147483647;
			files = (
			);
			runOnlyForDeploymentPostprocessing = 0;
		};
/* End PBXFrameworksBuildPhase section */

/* Begin PBXGroup section */
		65DF8DD8130BEA7F002D0C3A = {
			isa = PBXGroup;
			children = (
				65DF8DED130BEAC7002D0C3A /* Core Data Models */,
				65DF8DF5130BEC74002D0C3A /* Classes */,
				65DF8F44130BFA9C002D0C3A /* Other Sources */,
				65DF8E07130BEDA9002D0C3A /* Frameworks */,
				65DF8E10130BEE3F002D0C3A /* Products */,
				65DF8E11130BEE3F002D0C3A /* CoreBundle-Info.plist */,
				65DF8E73130BF29F002D0C3A /* Core-Info.plist */,
			);
			sourceTree = "<group>";
		};
		65DF8DED130BEAC7002D0C3A /* Core Data Models */ = {
			isa = PBXGroup;
			children = (
				65DF8DF2130BEBCA002D0C3A /* DataModel.xcdatamodeld */,
				65DF8E15130BEE71002D0C3A /* 01_MappingModel_02.xcmappingmodel */,
			);
			name = "Core Data Models";
			sourceTree = "<group>";
		};
		65DF8DF5130BEC74002D0C3A /* Classes */ = {
			isa = PBXGroup;
			children = (
				65DF8DF6130BEC8D002D0C3A /* Managed Objects */,
				65DF8E08130BEE0D002D0C3A /* SynthesizeSingleton.h */,
				65DF8FF9130BFF93002D0C3A /* MOCManager.h */,
				65DF8FFA130BFF93002D0C3A /* MOCManager.m */,
				65DF8E02130BED1C002D0C3A /* BSManagedObjectContextManager.h */,
				65DF8E03130BED1C002D0C3A /* BSManagedObjectContextManager.m */,
			);
			name = Classes;
			sourceTree = "<group>";
		};
		65DF8DF6130BEC8D002D0C3A /* Managed Objects */ = {
			isa = PBXGroup;
			children = (
				65DF8DF7130BEC8D002D0C3A /* _Project.h */,
				65DF8DF8130BEC8D002D0C3A /* _Project.m */,
				65DF8DF9130BEC8D002D0C3A /* _Task.h */,
				65DF8DFA130BEC8D002D0C3A /* _Task.m */,
				65DF8DFB130BEC8D002D0C3A /* Project.h */,
				65DF8DFC130BEC8D002D0C3A /* Project.m */,
				65DF8DFD130BEC8D002D0C3A /* Task.h */,
				65DF8DFE130BEC8D002D0C3A /* Task.m */,
			);
			name = "Managed Objects";
			path = "Classes/Managed Objects";
			sourceTree = "<group>";
		};
		65DF8E07130BEDA9002D0C3A /* Frameworks */ = {
			isa = PBXGroup;
			children = (
				65DF8E05130BEDA2002D0C3A /* CoreData.framework */,
				65DF8E06130BEDA2002D0C3A /* Foundation.framework */,
				65DF8E77130BF2AB002D0C3A /* Cocoa.framework */,
			);
			name = Frameworks;
			sourceTree = "<group>";
		};
		65DF8E10130BEE3F002D0C3A /* Products */ = {
			isa = PBXGroup;
			children = (
				65DF8E0F130BEE3F002D0C3A /* CoreBundle.bundle */,
				65DF8E72130BF29F002D0C3A /* Core */,
				65DF8EAD130BF798002D0C3A /* libCore.a */,
			);
			name = Products;
			sourceTree = "<group>";
		};
		65DF8F44130BFA9C002D0C3A /* Other Sources */ = {
			isa = PBXGroup;
			children = (
				65DF8F45130BFAB5002D0C3A /* Core.h */,
			);
			name = "Other Sources";
			sourceTree = "<group>";
		};
/* End PBXGroup section */

/* Begin PBXHeadersBuildPhase section */
		65DF8E6D130BF29F002D0C3A /* Headers */ = {
			isa = PBXHeadersBuildPhase;
			buildActionMask = 2147483647;
			files = (
				65DF8FF7130BFF47002D0C3A /* SynthesizeSingleton.h in Headers */,
				65DF8E7D130BF2C8002D0C3A /* BSManagedObjectContextManager.h in Headers */,
				65DF8E9B130BF76A002D0C3A /* _Project.h in Headers */,
				65DF8E9D130BF76A002D0C3A /* _Task.h in Headers */,
				65DF8E9F130BF76A002D0C3A /* Project.h in Headers */,
				65DF8EA1130BF76A002D0C3A /* Task.h in Headers */,
				65DF8F46130BFAB5002D0C3A /* Core.h in Headers */,
				65DF8FFB130BFF93002D0C3A /* MOCManager.h in Headers */,
			);
			runOnlyForDeploymentPostprocessing = 0;
		};
		65DF8EA9130BF798002D0C3A /* Headers */ = {
			isa = PBXHeadersBuildPhase;
			buildActionMask = 2147483647;
			files = (
				65DF8EB1130BF7C5002D0C3A /* _Project.h in Headers */,
				65DF8EB3130BF7C5002D0C3A /* _Task.h in Headers */,
				65DF8EB5130BF7C5002D0C3A /* Project.h in Headers */,
				65DF8EB7130BF7C5002D0C3A /* Task.h in Headers */,
				65DF8F47130BFAB5002D0C3A /* Core.h in Headers */,
				65DF8FFD130BFF93002D0C3A /* MOCManager.h in Headers */,
				65DF90AB130C0B79002D0C3A /* BSManagedObjectContextManager.h in Headers */,
			);
			runOnlyForDeploymentPostprocessing = 0;
		};
/* End PBXHeadersBuildPhase section */

/* Begin PBXNativeTarget section */
		65DF8E0E130BEE3F002D0C3A /* CoreBundle */ = {
			isa = PBXNativeTarget;
			buildConfigurationList = 65DF8E14130BEE40002D0C3A /* Build configuration list for PBXNativeTarget "CoreBundle" */;
			buildPhases = (
				65DF8E0B130BEE3F002D0C3A /* Resources */,
				65DF8E0C130BEE3F002D0C3A /* Sources */,
				65DF8E0D130BEE3F002D0C3A /* Frameworks */,
			);
			buildRules = (
			);
			dependencies = (
			);
			name = CoreBundle;
			productName = CoreBundle;
			productReference = 65DF8E0F130BEE3F002D0C3A /* CoreBundle.bundle */;
			productType = "com.apple.product-type.bundle";
		};
		65DF8E71130BF29F002D0C3A /* Core */ = {
			isa = PBXNativeTarget;
			buildConfigurationList = 65DF8E76130BF29F002D0C3A /* Build configuration list for PBXNativeTarget "Core" */;
			buildPhases = (
				65DF8E6D130BF29F002D0C3A /* Headers */,
				65DF8E6E130BF29F002D0C3A /* Resources */,
				65DF8E6F130BF29F002D0C3A /* Sources */,
				65DF8E70130BF29F002D0C3A /* Frameworks */,
			);
			buildRules = (
			);
			dependencies = (
				65DF8E7B130BF2B0002D0C3A /* PBXTargetDependency */,
			);
			name = Core;
			productName = Core;
			productReference = 65DF8E72130BF29F002D0C3A /* Core */;
			productType = "com.apple.product-type.framework";
		};
		65DF8EAC130BF798002D0C3A /* libCore */ = {
			isa = PBXNativeTarget;
			buildConfigurationList = 65DF8EB0130BF7B7002D0C3A /* Build configuration list for PBXNativeTarget "libCore" */;
			buildPhases = (
				65DF8EA9130BF798002D0C3A /* Headers */,
				65DF8EAA130BF798002D0C3A /* Sources */,
				65DF8EAB130BF798002D0C3A /* Frameworks */,
			);
			buildRules = (
			);
			dependencies = (
				65DF8EBA130BF7CF002D0C3A /* PBXTargetDependency */,
			);
			name = libCore;
			productName = libCore;
			productReference = 65DF8EAD130BF798002D0C3A /* libCore.a */;
			productType = "com.apple.product-type.library.static";
		};
/* End PBXNativeTarget section */

/* Begin PBXProject section */
		65DF8DDA130BEA80002D0C3A /* Project object */ = {
			isa = PBXProject;
			attributes = {
				ORGANIZATIONNAME = "Blinding Skies Limited";
			};
			buildConfigurationList = 65DF8DDD130BEA80002D0C3A /* Build configuration list for PBXProject "Core" */;
			compatibilityVersion = "Xcode 3.2";
			developmentRegion = English;
			hasScannedForEncodings = 0;
			knownRegions = (
				English,
				Japanese,
				French,
				German,
			);
			mainGroup = 65DF8DD8130BEA7F002D0C3A;
			productRefGroup = 65DF8E10130BEE3F002D0C3A /* Products */;
			projectDirPath = "";
			projectRoot = "";
			targets = (
				65DF8E0E130BEE3F002D0C3A /* CoreBundle */,
				65DF8E71130BF29F002D0C3A /* Core */,
				65DF8EAC130BF798002D0C3A /* libCore */,
			);
		};
/* End PBXProject section */

/* Begin PBXResourcesBuildPhase section */
		65DF8E0B130BEE3F002D0C3A /* Resources */ = {
			isa = PBXResourcesBuildPhase;
			buildActionMask = 2147483647;
			files = (
			);
			runOnlyForDeploymentPostprocessing = 0;
		};
		65DF8E6E130BF29F002D0C3A /* Resources */ = {
			isa = PBXResourcesBuildPhase;
			buildActionMask = 2147483647;
			files = (
			);
			runOnlyForDeploymentPostprocessing = 0;
		};
/* End PBXResourcesBuildPhase section */

/* Begin PBXSourcesBuildPhase section */
		65DF8E0C130BEE3F002D0C3A /* Sources */ = {
			isa = PBXSourcesBuildPhase;
			buildActionMask = 2147483647;
			files = (
				65DF8E63130BEF48002D0C3A /* DataModel.xcdatamodeld in Sources */,
				65DF8E16130BEE71002D0C3A /* 01_MappingModel_02.xcmappingmodel in Sources */,
			);
			runOnlyForDeploymentPostprocessing = 0;
		};
		65DF8E6F130BF29F002D0C3A /* Sources */ = {
			isa = PBXSourcesBuildPhase;
			buildActionMask = 2147483647;
			files = (
				65DF8E7C130BF2BB002D0C3A /* BSManagedObjectContextManager.m in Sources */,
				65DF8E9C130BF76A002D0C3A /* _Project.m in Sources */,
				65DF8E9E130BF76A002D0C3A /* _Task.m in Sources */,
				65DF8EA0130BF76A002D0C3A /* Project.m in Sources */,
				65DF8EA2130BF76A002D0C3A /* Task.m in Sources */,
				65DF8FFC130BFF93002D0C3A /* MOCManager.m in Sources */,
			);
			runOnlyForDeploymentPostprocessing = 0;
		};
		65DF8EAA130BF798002D0C3A /* Sources */ = {
			isa = PBXSourcesBuildPhase;
			buildActionMask = 2147483647;
			files = (
				65DF8EB2130BF7C5002D0C3A /* _Project.m in Sources */,
				65DF8EB4130BF7C5002D0C3A /* _Task.m in Sources */,
				65DF8EB6130BF7C5002D0C3A /* Project.m in Sources */,
				65DF8EB8130BF7C5002D0C3A /* Task.m in Sources */,
				65DF8FFE130BFF93002D0C3A /* MOCManager.m in Sources */,
				65DF90AA130C0B6E002D0C3A /* BSManagedObjectContextManager.m in Sources */,
			);
			runOnlyForDeploymentPostprocessing = 0;
		};
/* End PBXSourcesBuildPhase section */

/* Begin PBXTargetDependency section */
		65DF8E7B130BF2B0002D0C3A /* PBXTargetDependency */ = {
			isa = PBXTargetDependency;
			target = 65DF8E0E130BEE3F002D0C3A /* CoreBundle */;
			targetProxy = 65DF8E7A130BF2B0002D0C3A /* PBXContainerItemProxy */;
		};
		65DF8EBA130BF7CF002D0C3A /* PBXTargetDependency */ = {
			isa = PBXTargetDependency;
			target = 65DF8E0E130BEE3F002D0C3A /* CoreBundle */;
			targetProxy = 65DF8EB9130BF7CF002D0C3A /* PBXContainerItemProxy */;
		};
/* End PBXTargetDependency section */

/* Begin XCBuildConfiguration section */
		65DF8DDB130BEA80002D0C3A /* Debug */ = {
			isa = XCBuildConfiguration;
			buildSettings = {
				COPY_PHASE_STRIP = NO;
			};
			name = Debug;
		};
		65DF8DDC130BEA80002D0C3A /* Release */ = {
			isa = XCBuildConfiguration;
			buildSettings = {
				COPY_PHASE_STRIP = YES;
			};
			name = Release;
		};
		65DF8E12130BEE3F002D0C3A /* Debug */ = {
			isa = XCBuildConfiguration;
			buildSettings = {
				ALWAYS_SEARCH_USER_PATHS = NO;
				COPY_PHASE_STRIP = NO;
				GCC_DYNAMIC_NO_PIC = NO;
				GCC_ENABLE_FIX_AND_CONTINUE = YES;
				GCC_MODEL_TUNING = G5;
				GCC_OPTIMIZATION_LEVEL = 0;
				GCC_PRECOMPILE_PREFIX_HEADER = YES;
				GCC_PREFIX_HEADER = "$(SYSTEM_LIBRARY_DIR)/Frameworks/AppKit.framework/Headers/AppKit.h";
				INFOPLIST_FILE = "CoreBundle-Info.plist";
				INSTALL_PATH = "$(HOME)/Library/Bundles";
				OTHER_LDFLAGS = (
					"-framework",
					Foundation,
					"-framework",
					AppKit,
				);
				PREBINDING = NO;
				PRODUCT_NAME = CoreBundle;
				WRAPPER_EXTENSION = bundle;
			};
			name = Debug;
		};
		65DF8E13130BEE3F002D0C3A /* Release */ = {
			isa = XCBuildConfiguration;
			buildSettings = {
				ALWAYS_SEARCH_USER_PATHS = NO;
				COPY_PHASE_STRIP = YES;
				DEBUG_INFORMATION_FORMAT = "dwarf-with-dsym";
				GCC_ENABLE_FIX_AND_CONTINUE = NO;
				GCC_MODEL_TUNING = G5;
				GCC_PRECOMPILE_PREFIX_HEADER = YES;
				GCC_PREFIX_HEADER = "$(SYSTEM_LIBRARY_DIR)/Frameworks/AppKit.framework/Headers/AppKit.h";
				INFOPLIST_FILE = "CoreBundle-Info.plist";
				INSTALL_PATH = "$(HOME)/Library/Bundles";
				OTHER_LDFLAGS = (
					"-framework",
					Foundation,
					"-framework",
					AppKit,
				);
				PREBINDING = NO;
				PRODUCT_NAME = CoreBundle;
				WRAPPER_EXTENSION = bundle;
				ZERO_LINK = NO;
			};
			name = Release;
		};
		65DF8E74130BF29F002D0C3A /* Debug */ = {
			isa = XCBuildConfiguration;
			buildSettings = {
				ALWAYS_SEARCH_USER_PATHS = NO;
				ARCHS = "$(ARCHS_STANDARD_32_64_BIT)";
				COPY_PHASE_STRIP = NO;
				DYLIB_COMPATIBILITY_VERSION = 1;
				DYLIB_CURRENT_VERSION = 1;
				FRAMEWORK_VERSION = A;
				GCC_DYNAMIC_NO_PIC = NO;
				GCC_ENABLE_FIX_AND_CONTINUE = YES;
				GCC_MODEL_TUNING = G5;
				GCC_OPTIMIZATION_LEVEL = 0;
				GCC_PRECOMPILE_PREFIX_HEADER = YES;
				GCC_PREFIX_HEADER = "$(SYSTEM_LIBRARY_DIR)/Frameworks/AppKit.framework/Headers/AppKit.h";
				INFOPLIST_FILE = "Core-Info.plist";
				INSTALL_PATH = "@rpath";
				LD_RUNPATH_SEARCH_PATHS = "@executable_path/../Frameworks @loader_path/../Frameworks";
				OTHER_LDFLAGS = (
					"-framework",
					Foundation,
					"-framework",
					AppKit,
				);
				PREBINDING = NO;
				PRODUCT_NAME = Core;
			};
			name = Debug;
		};
		65DF8E75130BF29F002D0C3A /* Release */ = {
			isa = XCBuildConfiguration;
			buildSettings = {
				ALWAYS_SEARCH_USER_PATHS = NO;
				ARCHS = "$(ARCHS_STANDARD_32_64_BIT)";
				COPY_PHASE_STRIP = YES;
				DEBUG_INFORMATION_FORMAT = "dwarf-with-dsym";
				DYLIB_COMPATIBILITY_VERSION = 1;
				DYLIB_CURRENT_VERSION = 1;
				FRAMEWORK_VERSION = A;
				GCC_ENABLE_FIX_AND_CONTINUE = NO;
				GCC_MODEL_TUNING = G5;
				GCC_PRECOMPILE_PREFIX_HEADER = YES;
				GCC_PREFIX_HEADER = "$(SYSTEM_LIBRARY_DIR)/Frameworks/AppKit.framework/Headers/AppKit.h";
				INFOPLIST_FILE = "Core-Info.plist";
				INSTALL_PATH = "@rpath";
				LD_RUNPATH_SEARCH_PATHS = "@executable_path/../Frameworks @loader_path/../Frameworks";
				OTHER_LDFLAGS = (
					"-framework",
					Foundation,
					"-framework",
					AppKit,
				);
				PREBINDING = NO;
				PRODUCT_NAME = Core;
				ZERO_LINK = NO;
			};
			name = Release;
		};
		65DF8EAE130BF799002D0C3A /* Debug */ = {
			isa = XCBuildConfiguration;
			buildSettings = {
				ALWAYS_SEARCH_USER_PATHS = NO;
				COPY_PHASE_STRIP = NO;
				GCC_DYNAMIC_NO_PIC = NO;
				GCC_OPTIMIZATION_LEVEL = 0;
				PREBINDING = NO;
				PRODUCT_NAME = Core;
				SDKROOT = iphoneos;
			};
			name = Debug;
		};
		65DF8EAF130BF799002D0C3A /* Release */ = {
			isa = XCBuildConfiguration;
			buildSettings = {
				ALWAYS_SEARCH_USER_PATHS = NO;
				COPY_PHASE_STRIP = YES;
				DEBUG_INFORMATION_FORMAT = "dwarf-with-dsym";
				GCC_ENABLE_FIX_AND_CONTINUE = NO;
				PREBINDING = NO;
				PRODUCT_NAME = Core;
				SDKROOT = iphoneos;
				ZERO_LINK = NO;
			};
			name = Release;
		};
/* End XCBuildConfiguration section */

/* Begin XCConfigurationList section */
		65DF8DDD130BEA80002D0C3A /* Build configuration list for PBXProject "Core" */ = {
			isa = XCConfigurationList;
			buildConfigurations = (
				65DF8DDB130BEA80002D0C3A /* Debug */,
				65DF8DDC130BEA80002D0C3A /* Release */,
			);
			defaultConfigurationIsVisible = 0;
			defaultConfigurationName = Release;
		};
		65DF8E14130BEE40002D0C3A /* Build configuration list for PBXNativeTarget "CoreBundle" */ = {
			isa = XCConfigurationList;
			buildConfigurations = (
				65DF8E12130BEE3F002D0C3A /* Debug */,
				65DF8E13130BEE3F002D0C3A /* Release */,
			);
			defaultConfigurationIsVisible = 0;
			defaultConfigurationName = Release;
		};
		65DF8E76130BF29F002D0C3A /* Build configuration list for PBXNativeTarget "Core" */ = {
			isa = XCConfigurationList;
			buildConfigurations = (
				65DF8E74130BF29F002D0C3A /* Debug */,
				65DF8E75130BF29F002D0C3A /* Release */,
			);
			defaultConfigurationIsVisible = 0;
			defaultConfigurationName = Release;
		};
		65DF8EB0130BF7B7002D0C3A /* Build configuration list for PBXNativeTarget "libCore" */ = {
			isa = XCConfigurationList;
			buildConfigurations = (
				65DF8EAE130BF799002D0C3A /* Debug */,
				65DF8EAF130BF799002D0C3A /* Release */,
			);
			defaultConfigurationIsVisible = 0;
			defaultConfigurationName = Release;
		};
/* End XCConfigurationList section */

/* Begin XCVersionGroup section */
		65DF8DF2130BEBCA002D0C3A /* DataModel.xcdatamodeld */ = {
			isa = XCVersionGroup;
			children = (
				65DF8DEF130BEB0E002D0C3A /* DataModel.xcdatamodel */,
				65DF8DF3130BEBCA002D0C3A /* DataModel 2.xcdatamodel */,
			);
			currentVersion = 65DF8DF3130BEBCA002D0C3A /* DataModel 2.xcdatamodel */;
			name = DataModel.xcdatamodeld;
			path = "Core Data Models/DataModel.xcdatamodeld";
			sourceTree = "<group>";
			versionGroupType = wrapper.xcdatamodel;
		};
/* End XCVersionGroup section */
	};
	rootObject = 65DF8DDA130BEA80002D0C3A /* Project object */;
}
